
Microsoft Visual Studio Solution File, Format Version 12.00
# Visual Studio 15
VisualStudioVersion = 15.0.26124.0
MinimumVisualStudioVersion = 15.0.26124.0
Project("{2150E333-8FDC-42A3-9474-1A3956D46DE8}") = "src", "src", "{71860EA0-124C-446C-A3AE-6A93091EC35B}"
EndProject
Project("{9A19103F-16F7-4668-BE54-9A1E7A4F7556}") = "AzureDevOps.Web", "src\AzureDevOps.Web\AzureDevOps.Web.csproj", "{EB0D2885-FC77-42B0-8C09-1BDAE0C07D3C}"
EndProject
Global
	GlobalSection(SolutionConfigurationPlatforms) = preSolution
		Debug|Any CPU = Debug|Any CPU
		Release|Any CPU = Release|Any CPU
	EndGlobalSection
	GlobalSection(ProjectConfigurationPlatforms) = postSolution
		{EB0D2885-FC77-42B0-8C09-1BDAE0C07D3C}.Debug|Any CPU.ActiveCfg = Debug|Any CPU
		{EB0D2885-FC77-42B0-8C09-1BDAE0C07D3C}.Debug|Any CPU.Build.0 = Debug|Any CPU
		{EB0D2885-FC77-42B0-8C09-1BDAE0C07D3C}.Release|Any CPU.ActiveCfg = Release|Any CPU
		{EB0D2885-FC77-42B0-8C09-1BDAE0C07D3C}.Release|Any CPU.Build.0 = Release|Any CPU
	EndGlobalSection
	GlobalSection(SolutionProperties) = preSolution
		HideSolutionNode = FALSE
	EndGlobalSection
	GlobalSection(NestedProjects) = preSolution
		{EB0D2885-FC77-42B0-8C09-1BDAE0C07D3C} = {71860EA0-124C-446C-A3AE-6A93091EC35B}
	EndGlobalSection
	GlobalSection(ExtensibilityGlobals) = postSolution
		SolutionGuid = {3A4CDC89-DA1C-4E0E-B44B-EC2A3548237C}
	EndGlobalSection
EndGlobal
